// !$*UTF8*$!
{
	archiveVersion = 1;
	classes = {
	};
	objectVersion = 77;
	objects = {

/* Begin PBXContainerItemProxy section */
		7CAC0ECD2FAD9A8300C89C76 /* PBXContainerItemProxy */ = {
			isa = PBXContainerItemProxy;
			containerPortal = 7CAC0EB72FAD9A8000C89C76 /* Project object */;
			proxyType = 1;
			remoteGlobalIDString = 7CAC0EBE2FAD9A8000C89C76;
			remoteInfo = LazyListDemo;
		};
		7CAC0ED72FAD9A8300C89C76 /* PBXContainerItemProxy */ = {
			isa = PBXContainerItemProxy;
			containerPortal = 7CAC0EB72FAD9A8000C89C76 /* Project object */;
			proxyType = 1;
			remoteGlobalIDString = 7CAC0EBE2FAD9A8000C89C76;
			remoteInfo = LazyListDemo;
		};
/* End PBXContainerItemProxy section */

/* Begin PBXFileReference section */
		7CAC0EBF2FAD9A8000C89C76 /* LazyListDemo.app */ = {isa = PBXFileReference; explicitFileType = wrapper.application; includeInIndex = 0; path = LazyListDemo.app; sourceTree = BUILT_PRODUCTS_DIR; };
		7CAC0ECC2FAD9A8300C89C76 /* LazyListDemoTests.xctest */ = {isa = PBXFileReference; explicitFileType = wrapper.cfbundle; includeInIndex = 0; path = LazyListDemoTests.xctest; sourceTree = BUILT_PRODUCTS_DIR; };
		7CAC0ED62FAD9A8300C89C76 /* LazyListDemoUITests.xctest */ = {isa = PBXFileReference; explicitFileType = wrapper.cfbundle; includeInIndex = 0; path = LazyListDemoUITests.xctest; sourceTree = BUILT_PRODUCTS_DIR; };
/* End PBXFileReference section */

/* Begin PBXFileSystemSynchronizedRootGroup section */
		7CAC0EC12FAD9A8000C89C76 /* LazyListDemo */ = {
			isa = PBXFileSystemSynchronizedRootGroup;
			path = LazyListDemo;
			sourceTree = "<group>";
		};
		7CAC0ECF2FAD9A8300C89C76 /* LazyListDemoTests */ = {
			isa = PBXFileSystemSynchronizedRootGroup;
			path = LazyListDemoTests;
			sourceTree = "<group>";
		};
		7CAC0ED92FAD9A8300C89C76 /* LazyListDemoUITests */ = {
			isa = PBXFileSystemSynchronizedRootGroup;
			path = LazyListDemoUITests;
			sourceTree = "<group>";
		};
/* End PBXFileSystemSynchronizedRootGroup section */

/* Begin PBXFrameworksBuildPhase section */
		7CAC0EBC2FAD9A8000C89C76 /* Frameworks */ = {
			isa = PBXFrameworksBuildPhase;
			buildActionMask = 2147483647;
			files = (
			);
			runOnlyForDeploymentPostprocessing = 0;
		};
		7CAC0EC92FAD9A8300C89C76 /* Frameworks */ = {
			isa = PBXFrameworksBuildPhase;
			buildActionMask = 2147483647;
			files = (
			);
			runOnlyForDeploymentPostprocessing = 0;
		};
		7CAC0ED32FAD9A8300C89C76 /* Frameworks */ = {
			isa = PBXFrameworksBuildPhase;
			buildActionMask = 2147483647;
			files = (
			);
			runOnlyForDeploymentPostprocessing = 0;
		};
/* End PBXFrameworksBuildPhase section */

/* Begin PBXGroup section */
		7CAC0EB62FAD9A8000C89C76 = {
			isa = PBXGroup;
			children = (
				7CAC0EC12FAD9A8000C89C76 /* LazyListDemo */,
				7CAC0ECF2FAD9A8300C89C76 /* LazyListDemoTests */,
				7CAC0ED92FAD9A8300C89C76 /* LazyListDemoUITests */,
				7CAC0EC02FAD9A8000C89C76 /* Products */,
			);
			sourceTree = "<group>";
		};
		7CAC0EC02FAD9A8000C89C76 /* Products */ = {
			isa = PBXGroup;
			children = (
				7CAC0EBF2FAD9A8000C89C76 /* LazyListDemo.app */,
				7CAC0ECC2FAD9A8300C89C76 /* LazyListDemoTests.xctest */,
				7CAC0ED62FAD9A8300C89C76 /* LazyListDemoUITests.xctest */,
			);
			name = Products;
			sourceTree = "<group>";
		};
/* End PBXGroup section */

/* Begin PBXNativeTarget section */
		7CAC0EBE2FAD9A8000C89C76 /* LazyListDemo */ = {
			isa = PBXNativeTarget;
			buildConfigurationList = 7CAC0EE02FAD9A8300C89C76 /* Build configuration list for PBXNativeTarget "LazyListDemo" */;
			buildPhases = (
				7CAC0EBB2FAD9A8000C89C76 /* Sources */,
				7CAC0EBC2FAD9A8000C89C76 /* Frameworks */,
				7CAC0EBD2FAD9A8000C89C76 /* Resources */,
			);
			buildRules = (
			);
			dependencies = (
			);
			fileSystemSynchronizedGroups = (
				7CAC0EC12FAD9A8000C89C76 /* LazyListDemo */,
			);
			name = LazyListDemo;
			packageProductDependencies = (
			);
			productName = LazyListDemo;
			productReference = 7CAC0EBF2FAD9A8000C89C76 /* LazyListDemo.app */;
			productType = "com.apple.product-type.application";
		};
		7CAC0ECB2FAD9A8300C89C76 /* LazyListDemoTests */ = {
			isa = PBXNativeTarget;
			buildConfigurationList = 7CAC0EE32FAD9A8300C89C76 /* Build configuration list for PBXNativeTarget "LazyListDemoTests" */;
			buildPhases = (
				7CAC0EC82FAD9A8300C89C76 /* Sources */,
				7CAC0EC92FAD9A8300C89C76 /* Frameworks */,
				7CAC0ECA2FAD9A8300C89C76 /* Resources */,
			);
			buildRules = (
			);
			dependencies = (
				7CAC0ECE2FAD9A8300C89C76 /* PBXTargetDependency */,
			);
			fileSystemSynchronizedGroups = (
				7CAC0ECF2FAD9A8300C89C76 /* LazyListDemoTests */,
			);
			name = LazyListDemoTests;
			packageProductDependencies = (
			);
			productName = LazyListDemoTests;
			productReference = 7CAC0ECC2FAD9A8300C89C76 /* LazyListDemoTests.xctest */;
			productType = "com.apple.product-type.bundle.unit-test";
		};
		7CAC0ED52FAD9A8300C89C76 /* LazyListDemoUITests */ = {
			isa = PBXNativeTarget;
			buildConfigurationList = 7CAC0EE62FAD9A8300C89C76 /* Build configuration list for PBXNativeTarget "LazyListDemoUITests" */;
			buildPhases = (
				7CAC0ED22FAD9A8300C89C76 /* Sources */,
				7CAC0ED32FAD9A8300C89C76 /* Frameworks */,
				7CAC0ED42FAD9A8300C89C76 /* Resources */,
			);
			buildRules = (
			);
			dependencies = (
				7CAC0ED82FAD9A8300C89C76 /* PBXTargetDependency */,
			);
			fileSystemSynchronizedGroups = (
				7CAC0ED92FAD9A8300C89C76 /* LazyListDemoUITests */,
			);
			name = LazyListDemoUITests;
			packageProductDependencies = (
			);
			productName = LazyListDemoUITests;
			productReference = 7CAC0ED62FAD9A8300C89C76 /* LazyListDemoUITests.xctest */;
			productType = "com.apple.product-type.bundle.ui-testing";
		};
/* End PBXNativeTarget section */

/* Begin PBXProject section */
		7CAC0EB72FAD9A8000C89C76 /* Project object */ = {
			isa = PBXProject;
			attributes = {
				BuildIndependentTargetsInParallel = 1;
				LastSwiftUpdateCheck = 2640;
				LastUpgradeCheck = 2640;
				TargetAttributes = {
					7CAC0EBE2FAD9A8000C89C76 = {
						CreatedOnToolsVersion = 26.4.1;
					};
					7CAC0ECB2FAD9A8300C89C76 = {
						CreatedOnToolsVersion = 26.4.1;
						TestTargetID = 7CAC0EBE2FAD9A8000C89C76;
					};
					7CAC0ED52FAD9A8300C89C76 = {
						CreatedOnToolsVersion = 26.4.1;
						TestTargetID = 7CAC0EBE2FAD9A8000C89C76;
					};
				};
			};
			buildConfigurationList = 7CAC0EBA2FAD9A8000C89C76 /* Build configuration list for PBXProject "LazyListDemo" */;
			developmentRegion = en;
			hasScannedForEncodings = 0;
			knownRegions = (
				en,
				Base,
			);
			mainGroup = 7CAC0EB62FAD9A8000C89C76;
			minimizedProjectReferenceProxies = 1;
			preferredProjectObjectVersion = 77;
			productRefGroup = 7CAC0EC02FAD9A8000C89C76 /* Products */;
			projectDirPath = "";
			projectRoot = "";
			targets = (
				7CAC0EBE2FAD9A8000C89C76 /* LazyListDemo */,
				7CAC0ECB2FAD9A8300C89C76 /* LazyListDemoTests */,
				7CAC0ED52FAD9A8300C89C76 /* LazyListDemoUITests */,
			);
		};
/* End PBXProject section */

/* Begin PBXResourcesBuildPhase section */
		7CAC0EBD2FAD9A8000C89C76 /* Resources */ = {
			isa = PBXResourcesBuildPhase;
			buildActionMask = 2147483647;
			files = (
			);
			runOnlyForDeploymentPostprocessing = 0;
		};
		7CAC0ECA2FAD9A8300C89C76 /* Resources */ = {
			isa = PBXResourcesBuildPhase;
			buildActionMask = 2147483647;
			files = (
			);
			runOnlyForDeploymentPostprocessing = 0;
		};
		7CAC0ED42FAD9A8300C89C76 /* Resources */ = {
			isa = PBXResourcesBuildPhase;
			buildActionMask = 2147483647;
			files = (
			);
			runOnlyForDeploymentPostprocessing = 0;
		};
/* End PBXResourcesBuildPhase section */

/* Begin PBXSourcesBuildPhase section */
		7CAC0EBB2FAD9A8000C89C76 /* Sources */ = {
			isa = PBXSourcesBuildPhase;
			buildActionMask = 2147483647;
			files = (
			);
			runOnlyForDeploymentPostprocessing = 0;
		};
		7CAC0EC82FAD9A8300C89C76 /* Sources */ = {
			isa = PBXSourcesBuildPhase;
			buildActionMask = 2147483647;
			files = (
			);
			runOnlyForDeploymentPostprocessing = 0;
		};
		7CAC0ED22FAD9A8300C89C76 /* Sources */ = {
			isa = PBXSourcesBuildPhase;
			buildActionMask = 2147483647;
			files = (
			);
			runOnlyForDeploymentPostprocessing = 0;
		};
/* End PBXSourcesBuildPhase section */

/* Begin PBXTargetDependency section */
		7CAC0ECE2FAD9A8300C89C76 /* PBXTargetDependency */ = {
			isa = PBXTargetDependency;
			target = 7CAC0EBE2FAD9A8000C89C76 /* LazyListDemo */;
			targetProxy = 7CAC0ECD2FAD9A8300C89C76 /* PBXContainerItemProxy */;
		};
		7CAC0ED82FAD9A8300C89C76 /* PBXTargetDependency */ = {
			isa = PBXTargetDependency;
			target = 7CAC0EBE2FAD9A8000C89C76 /* LazyListDemo */;
			targetProxy = 7CAC0ED72FAD9A8300C89C76 /* PBXContainerItemProxy */;
		};
/* End PBXTargetDependency section */

/* Begin XCBuildConfiguration section */
		7CAC0EDE2FAD9A8300C89C76 /* Debug */ = {
			isa = XCBuildConfiguration;
			buildSettings = {
				ALWAYS_SEARCH_USER_PATHS = NO;
				ASSETCATALOG_COMPILER_GENERATE_SWIFT_ASSET_SYMBOL_EXTENSIONS = YES;
				CLANG_ANALYZER_NONNULL = YES;
				CLANG_ANALYZER_NUMBER_OBJECT_CONVERSION = YES_AGGRESSIVE;
				CLANG_CXX_LANGUAGE_STANDARD = "gnu++20";
				CLANG_ENABLE_MODULES = YES;
				CLANG_ENABLE_OBJC_ARC = YES;
				CLANG_ENABLE_OBJC_WEAK = YES;
				CLANG_WARN_BLOCK_CAPTURE_AUTORELEASING = YES;
				CLANG_WARN_BOOL_CONVERSION = YES;
				CLANG_WARN_COMMA = YES;
				CLANG_WARN_CONSTANT_CONVERSION = YES;
				CLANG_WARN_DEPRECATED_OBJC_IMPLEMENTATIONS = YES;
				CLANG_WARN_DIRECT_OBJC_ISA_USAGE = YES_ERROR;
				CLANG_WARN_DOCUMENTATION_COMMENTS = YES;
				CLANG_WARN_EMPTY_BODY = YES;
				CLANG_WARN_ENUM_CONVERSION = YES;
				CLANG_WARN_INFINITE_RECURSION = YES;
				CLANG_WARN_INT_CONVERSION = YES;
				CLANG_WARN_NON_LITERAL_NULL_CONVERSION = YES;
				CLANG_WARN_OBJC_IMPLICIT_RETAIN_SELF = YES;
				CLANG_WARN_OBJC_LITERAL_CONVERSION = YES;
				CLANG_WARN_OBJC_ROOT_CLASS = YES_ERROR;
				CLANG_WARN_QUOTED_INCLUDE_IN_FRAMEWORK_HEADER = YES;
				CLANG_WARN_RANGE_LOOP_ANALYSIS = YES;
				CLANG_WARN_STRICT_PROTOTYPES = YES;
				CLANG_WARN_SUSPICIOUS_MOVE = YES;
				CLANG_WARN_UNGUARDED_AVAILABILITY = YES_AGGRESSIVE;
				CLANG_WARN_UNREACHABLE_CODE = YES;
				CLANG_WARN__DUPLICATE_METHOD_MATCH = YES;
				COPY_PHASE_STRIP = NO;
				DEBUG_INFORMATION_FORMAT = dwarf;
				ENABLE_STRICT_OBJC_MSGSEND = YES;
				ENABLE_TESTABILITY = YES;
				ENABLE_USER_SCRIPT_SANDBOXING = YES;
				GCC_C_LANGUAGE_STANDARD = gnu17;
				GCC_DYNAMIC_NO_PIC = NO;
				GCC_NO_COMMON_BLOCKS = YES;
				GCC_OPTIMIZATION_LEVEL = 0;
				GCC_PREPROCESSOR_DEFINITIONS = (
					"DEBUG=1",
					"$(inherited)",
				);
				GCC_WARN_64_TO_32_BIT_CONVERSION = YES;
				GCC_WARN_ABOUT_RETURN_TYPE = YES_ERROR;
				GCC_WARN_UNDECLARED_SELECTOR = YES;
				GCC_WARN_UNINITIALIZED_AUTOS = YES_AGGRESSIVE;
				GCC_WARN_UNUSED_FUNCTION = YES;
				GCC_WARN_UNUSED_VARIABLE = YES;
				IPHONEOS_DEPLOYMENT_TARGET = 26.4;
				LOCALIZATION_PREFERS_STRING_CATALOGS = YES;
				MTL_ENABLE_DEBUG_INFO = INCLUDE_SOURCE;
				MTL_FAST_MATH = YES;
				ONLY_ACTIVE_ARCH = YES;
				SDKROOT = iphoneos;
				SWIFT_ACTIVE_COMPILATION_CONDITIONS = "DEBUG $(inherited)";
				SWIFT_OPTIMIZATION_LEVEL = "-Onone";
			};
			name = Debug;
		};
		7CAC0EDF2FAD9A8300C89C76 /* Release */ = {
			isa = XCBuildConfiguration;
			buildSettings = {
				ALWAYS_SEARCH_USER_PATHS = NO;
				ASSETCATALOG_COMPILER_GENERATE_SWIFT_ASSET_SYMBOL_EXTENSIONS = YES;
				CLANG_ANALYZER_NONNULL = YES;
				CLANG_ANALYZER_NUMBER_OBJECT_CONVERSION = YES_AGGRESSIVE;
				CLANG_CXX_LANGUAGE_STANDARD = "gnu++20";
				CLANG_ENABLE_MODULES = YES;
				CLANG_ENABLE_OBJC_ARC = YES;
				CLANG_ENABLE_OBJC_WEAK = YES;
				CLANG_WARN_BLOCK_CAPTURE_AUTORELEASING = YES;
				CLANG_WARN_BOOL_CONVERSION = YES;
				CLANG_WARN_COMMA = YES;
				CLANG_WARN_CONSTANT_CONVERSION = YES;
				CLANG_WARN_DEPRECATED_OBJC_IMPLEMENTATIONS = YES;
				CLANG_WARN_DIRECT_OBJC_ISA_USAGE = YES_ERROR;
				CLANG_WARN_DOCUMENTATION_COMMENTS = YES;
				CLANG_WARN_EMPTY_BODY = YES;
				CLANG_WARN_ENUM_CONVERSION = YES;
				CLANG_WARN_INFINITE_RECURSION = YES;
				CLANG_WARN_INT_CONVERSION = YES;
				CLANG_WARN_NON_LITERAL_NULL_CONVERSION = YES;
				CLANG_WARN_OBJC_IMPLICIT_RETAIN_SELF = YES;
				CLANG_WARN_OBJC_LITERAL_CONVERSION = YES;
				CLANG_WARN_OBJC_ROOT_CLASS = YES_ERROR;
				CLANG_WARN_QUOTED_INCLUDE_IN_FRAMEWORK_HEADER = YES;
				CLANG_WARN_RANGE_LOOP_ANALYSIS = YES;
				CLANG_WARN_STRICT_PROTOTYPES = YES;
				CLANG_WARN_SUSPICIOUS_MOVE = YES;
				CLANG_WARN_UNGUARDED_AVAILABILITY = YES_AGGRESSIVE;
				CLANG_WARN_UNREACHABLE_CODE = YES;
				CLANG_WARN__DUPLICATE_METHOD_MATCH = YES;
				COPY_PHASE_STRIP = NO;
				DEBUG_INFORMATION_FORMAT = "dwarf-with-dsym";
				ENABLE_NS_ASSERTIONS = NO;
				ENABLE_STRICT_OBJC_MSGSEND = YES;
				ENABLE_USER_SCRIPT_SANDBOXING = YES;
				GCC_C_LANGUAGE_STANDARD = gnu17;
				GCC_NO_COMMON_BLOCKS = YES;
				GCC_WARN_64_TO_32_BIT_CONVERSION = YES;
				GCC_WARN_ABOUT_RETURN_TYPE = YES_ERROR;
				GCC_WARN_UNDECLARED_SELECTOR = YES;
				GCC_WARN_UNINITIALIZED_AUTOS = YES_AGGRESSIVE;
				GCC_WARN_UNUSED_FUNCTION = YES;
				GCC_WARN_UNUSED_VARIABLE = YES;
				IPHONEOS_DEPLOYMENT_TARGET = 26.4;
				LOCALIZATION_PREFERS_STRING_CATALOGS = YES;
				MTL_ENABLE_DEBUG_INFO = NO;
				MTL_FAST_MATH = YES;
				SDKROOT = iphoneos;
				SWIFT_COMPILATION_MODE = wholemodule;
				VALIDATE_PRODUCT = YES;
			};
			name = Release;
		};
		7CAC0EE12FAD9A8300C89C76 /* Debug */ = {
			isa = XCBuildConfiguration;
			buildSettings = {
				ASSETCATALOG_COMPILER_APPICON_NAME = AppIcon;
				ASSETCATALOG_COMPILER_GLOBAL_ACCENT_COLOR_NAME = AccentColor;
				CODE_SIGN_STYLE = Automatic;
				CURRENT_PROJECT_VERSION = 1;
				ENABLE_PREVIEWS = YES;
				GENERATE_INFOPLIST_FILE = YES;
				INFOPLIST_KEY_UIApplicationSceneManifest_Generation = YES;
				INFOPLIST_KEY_UIApplicationSupportsIndirectInputEvents = YES;
				INFOPLIST_KEY_UILaunchScreen_Generation = YES;
				INFOPLIST_KEY_UISupportedInterfaceOrientations_iPad = "UIInterfaceOrientationPortrait UIInterfaceOrientationPortraitUpsideDown UIInterfaceOrientationLandscapeLeft UIInterfaceOrientationLandscapeRight";
				INFOPLIST_KEY_UISupportedInterfaceOrientations_iPhone = "UIInterfaceOrientationPortrait UIInterfaceOrientationLandscapeLeft UIInterfaceOrientationLandscapeRight";
				LD_RUNPATH_SEARCH_PATHS = (
					"$(inherited)",
					"@executable_path/Frameworks",
				);
				MARKETING_VERSION = 1.0;
				PRODUCT_BUNDLE_IDENTIFIER = com.test.LazyListDemo;
				PRODUCT_NAME = "$(TARGET_NAME)";
				STRING_CATALOG_GENERATE_SYMBOLS = YES;
				SWIFT_APPROACHABLE_CONCURRENCY = YES;
				SWIFT_DEFAULT_ACTOR_ISOLATION = MainActor;
				SWIFT_EMIT_LOC_STRINGS = YES;
				SWIFT_UPCOMING_FEATURE_MEMBER_IMPORT_VISIBILITY = YES;
				SWIFT_VERSION = 5.0;
				TARGETED_DEVICE_FAMILY = "1,2";
			};
			name = Debug;
		};
		7CAC0EE22FAD9A8300C89C76 /* Release */ = {
			isa = XCBuildConfiguration;
			buildSettings = {
				ASSETCATALOG_COMPILER_APPICON_NAME = AppIcon;
				ASSETCATALOG_COMPILER_GLOBAL_ACCENT_COLOR_NAME = AccentColor;
				CODE_SIGN_STYLE = Automatic;
				CURRENT_PROJECT_VERSION = 1;
				ENABLE_PREVIEWS = YES;
				GENERATE_INFOPLIST_FILE = YES;
				INFOPLIST_KEY_UIApplicationSceneManifest_Generation = YES;
				INFOPLIST_KEY_UIApplicationSupportsIndirectInputEvents = YES;
				INFOPLIST_KEY_UILaunchScreen_Generation = YES;
				INFOPLIST_KEY_UISupportedInterfaceOrientations_iPad = "UIInterfaceOrientationPortrait UIInterfaceOrientationPortraitUpsideDown UIInterfaceOrientationLandscapeLeft UIInterfaceOrientationLandscapeRight";
				INFOPLIST_KEY_UISupportedInterfaceOrientations_iPhone = "UIInterfaceOrientationPortrait UIInterfaceOrientationLandscapeLeft UIInterfaceOrientationLandscapeRight";
				LD_RUNPATH_SEARCH_PATHS = (
					"$(inherited)",
					"@executable_path/Frameworks",
				);
				MARKETING_VERSION = 1.0;
				PRODUCT_BUNDLE_IDENTIFIER = com.test.LazyListDemo;
				PRODUCT_NAME = "$(TARGET_NAME)";
				STRING_CATALOG_GENERATE_SYMBOLS = YES;
				SWIFT_APPROACHABLE_CONCURRENCY = YES;
				SWIFT_DEFAULT_ACTOR_ISOLATION = MainActor;
				SWIFT_EMIT_LOC_STRINGS = YES;
				SWIFT_UPCOMING_FEATURE_MEMBER_IMPORT_VISIBILITY = YES;
				SWIFT_VERSION = 5.0;
				TARGETED_DEVICE_FAMILY = "1,2";
			};
			name = Release;
		};
		7CAC0EE42FAD9A8300C89C76 /* Debug */ = {
			isa = XCBuildConfiguration;
			buildSettings = {
				BUNDLE_LOADER = "$(TEST_HOST)";
				CODE_SIGN_STYLE = Automatic;
				CURRENT_PROJECT_VERSION = 1;
				GENERATE_INFOPLIST_FILE = YES;
				IPHONEOS_DEPLOYMENT_TARGET = 26.4;
				MARKETING_VERSION = 1.0;
				PRODUCT_BUNDLE_IDENTIFIER = com.test.LazyListDemoTests;
				PRODUCT_NAME = "$(TARGET_NAME)";
				STRING_CATALOG_GENERATE_SYMBOLS = NO;
				SWIFT_APPROACHABLE_CONCURRENCY = YES;
				SWIFT_EMIT_LOC_STRINGS = NO;
				SWIFT_UPCOMING_FEATURE_MEMBER_IMPORT_VISIBILITY = YES;
				SWIFT_VERSION = 5.0;
				TARGETED_DEVICE_FAMILY = "1,2";
				TEST_HOST = "$(BUILT_PRODUCTS_DIR)/LazyListDemo.app/$(BUNDLE_EXECUTABLE_FOLDER_PATH)/LazyListDemo";
			};
			name = Debug;
		};
		7CAC0EE52FAD9A8300C89C76 /* Release */ = {
			isa = XCBuildConfiguration;
			buildSettings = {
				BUNDLE_LOADER = "$(TEST_HOST)";
				CODE_SIGN_STYLE = Automatic;
				CURRENT_PROJECT_VERSION = 1;
				GENERATE_INFOPLIST_FILE = YES;
				IPHONEOS_DEPLOYMENT_TARGET = 26.4;
				MARKETING_VERSION = 1.0;
				PRODUCT_BUNDLE_IDENTIFIER = com.test.LazyListDemoTests;
				PRODUCT_NAME = "$(TARGET_NAME)";
				STRING_CATALOG_GENERATE_SYMBOLS = NO;
				SWIFT_APPROACHABLE_CONCURRENCY = YES;
				SWIFT_EMIT_LOC_STRINGS = NO;
				SWIFT_UPCOMING_FEATURE_MEMBER_IMPORT_VISIBILITY = YES;
				SWIFT_VERSION = 5.0;
				TARGETED_DEVICE_FAMILY = "1,2";
				TEST_HOST = "$(BUILT_PRODUCTS_DIR)/LazyListDemo.app/$(BUNDLE_EXECUTABLE_FOLDER_PATH)/LazyListDemo";
			};
			name = Release;
		};
		7CAC0EE72FAD9A8300C89C76 /* Debug */ = {
			isa = XCBuildConfiguration;
			buildSettings = {
				CODE_SIGN_STYLE = Automatic;
				CURRENT_PROJECT_VERSION = 1;
				GENERATE_INFOPLIST_FILE = YES;
				MARKETING_VERSION = 1.0;
				PRODUCT_BUNDLE_IDENTIFIER = com.test.LazyListDemoUITests;
				PRODUCT_NAME = "$(TARGET_NAME)";
				STRING_CATALOG_GENERATE_SYMBOLS = NO;
				SWIFT_APPROACHABLE_CONCURRENCY = YES;
				SWIFT_EMIT_LOC_STRINGS = NO;
				SWIFT_UPCOMING_FEATURE_MEMBER_IMPORT_VISIBILITY = YES;
				SWIFT_VERSION = 5.0;
				TARGETED_DEVICE_FAMILY = "1,2";
				TEST_TARGET_NAME = LazyListDemo;
			};
			name = Debug;
		};
		7CAC0EE82FAD9A8300C89C76 /* Release */ = {
			isa = XCBuildConfiguration;
			buildSettings = {
				CODE_SIGN_STYLE = Automatic;
				CURRENT_PROJECT_VERSION = 1;
				GENERATE_INFOPLIST_FILE = YES;
				MARKETING_VERSION = 1.0;
				PRODUCT_BUNDLE_IDENTIFIER = com.test.LazyListDemoUITests;
				PRODUCT_NAME = "$(TARGET_NAME)";
				STRING_CATALOG_GENERATE_SYMBOLS = NO;
				SWIFT_APPROACHABLE_CONCURRENCY = YES;
				SWIFT_EMIT_LOC_STRINGS = NO;
				SWIFT_UPCOMING_FEATURE_MEMBER_IMPORT_VISIBILITY = YES;
				SWIFT_VERSION = 5.0;
				TARGETED_DEVICE_FAMILY = "1,2";
				TEST_TARGET_NAME = LazyListDemo;
			};
			name = Release;
		};
/* End XCBuildConfiguration section */

/* Begin XCConfigurationList section */
		7CAC0EBA2FAD9A8000C89C76 /* Build configuration list for PBXProject "LazyListDemo" */ = {
			isa = XCConfigurationList;
			buildConfigurations = (
				7CAC0EDE2FAD9A8300C89C76 /* Debug */,
				7CAC0EDF2FAD9A8300C89C76 /* Release */,
			);
			defaultConfigurationIsVisible = 0;
			defaultConfigurationName = Release;
		};
		7CAC0EE02FAD9A8300C89C76 /* Build configuration list for PBXNativeTarget "LazyListDemo" */ = {
			isa = XCConfigurationList;
			buildConfigurations = (
				7CAC0EE12FAD9A8300C89C76 /* Debug */,
				7CAC0EE22FAD9A8300C89C76 /* Release */,
			);
			defaultConfigurationIsVisible = 0;
			defaultConfigurationName = Release;
		};
		7CAC0EE32FAD9A8300C89C76 /* Build configuration list for PBXNativeTarget "LazyListDemoTests" */ = {
			isa = XCConfigurationList;
			buildConfigurations = (
				7CAC0EE42FAD9A8300C89C76 /* Debug */,
				7CAC0EE52FAD9A8300C89C76 /* Release */,
			);
			defaultConfigurationIsVisible = 0;
			defaultConfigurationName = Release;
		};
		7CAC0EE62FAD9A8300C89C76 /* Build configuration list for PBXNativeTarget "LazyListDemoUITests" */ = {
			isa = XCConfigurationList;
			buildConfigurations = (
				7CAC0EE72FAD9A8300C89C76 /* Debug */,
				7CAC0EE82FAD9A8300C89C76 /* Release */,
			);
			defaultConfigurationIsVisible = 0;
			defaultConfigurationName = Release;
		};
/* End XCConfigurationList section */
	};
	rootObject = 7CAC0EB72FAD9A8000C89C76 /* Project object */;
}
